// !$*UTF8*$!
{
	archiveVersion = 1;
	classes = {
	};
	objectVersion = 46;
	objects = {

/* Begin PBXBuildFile section */
		3F0EB29020F64CFB001B6DA0 /* LaunchScreen.storyboard in Resources */ = {isa = PBXBuildFile; fileRef = 3F0EB28F20F64CFB001B6DA0 /* LaunchScreen.storyboard */; };
		3F2A06361EB0594500046128 /* PinPost.storyboard in Resources */ = {isa = PBXBuildFile; fileRef = 3F2A06351EB0594500046128 /* PinPost.storyboard */; };
		3F2A063A1EB06CC600046128 /* PostTableViewHeaderView.xib in Resources */ = {isa = PBXBuildFile; fileRef = 3F2A06391EB06CC500046128 /* PostTableViewHeaderView.xib */; };
		3F2A063D1EB0741B00046128 /* PostTableViewHeaderView.m in Sources */ = {isa = PBXBuildFile; fileRef = 3F2A063C1EB0741B00046128 /* PostTableViewHeaderView.m */; };
		3F3068F51EAB9D0300B451E6 /* UtilityModule.m in Sources */ = {isa = PBXBuildFile; fileRef = 3F3068F41EAB9D0300B451E6 /* UtilityModule.m */; };
		3F395E341E94B25C009F082D /* MapMakeViewController.m in Sources */ = {isa = PBXBuildFile; fileRef = 3F395E331E94B25C009F082D /* MapMakeViewController.m */; };
		3F395E361E94B325009F082D /* Make.storyboard in Resources */ = {isa = PBXBuildFile; fileRef = 3F395E351E94B325009F082D /* Make.storyboard */; };
		3F395E3F1E95EFF5009F082D /* MapProfileTableViewCell.m in Sources */ = {isa = PBXBuildFile; fileRef = 3F395E3D1E95EFF5009F082D /* MapProfileTableViewCell.m */; };
		3F395E401E95EFF5009F082D /* MapProfileTableViewCell.xib in Resources */ = {isa = PBXBuildFile; fileRef = 3F395E3E1E95EFF5009F082D /* MapProfileTableViewCell.xib */; };
		3F395E441E95F00C009F082D /* PinProfileTableViewCell.m in Sources */ = {isa = PBXBuildFile; fileRef = 3F395E421E95F00C009F082D /* PinProfileTableViewCell.m */; };
		3F395E451E95F00C009F082D /* PinProfileTableViewCell.xib in Resources */ = {isa = PBXBuildFile; fileRef = 3F395E431E95F00C009F082D /* PinProfileTableViewCell.xib */; };
		3F395E551E961F72009F082D /* UserProfileHeaderView.xib in Resources */ = {isa = PBXBuildFile; fileRef = 3F395E541E961F72009F082D /* UserProfileHeaderView.xib */; };
		3F395E581E961FC8009F082D /* UserProfileHeaderView.m in Sources */ = {isa = PBXBuildFile; fileRef = 3F395E571E961FC8009F082D /* UserProfileHeaderView.m */; };
		3F3AF1A01E8ACCD8009FD151 /* PinMarkerView.m in Sources */ = {isa = PBXBuildFile; fileRef = 3F3AF19F1E8ACCD8009FD151 /* PinMarkerView.m */; };
		3F4F4F8A1E97376A00CD9C1C /* PinMakeViewController.m in Sources */ = {isa = PBXBuildFile; fileRef = 3F4F4F891E97376A00CD9C1C /* PinMakeViewController.m */; };
		3F5D69CD1E9A752300129C90 /* UserProfileEditViewController.m in Sources */ = {isa = PBXBuildFile; fileRef = 3F5D69CC1E9A752300129C90 /* UserProfileEditViewController.m */; };
		3F5D69D31E9A76E800129C90 /* UserAccountEditViewController.m in Sources */ = {isa = PBXBuildFile; fileRef = 3F5D69D21E9A76E800129C90 /* UserAccountEditViewController.m */; };
		3F7254E51E92370F007001F2 /* GoogleAnalyticsModule.m in Sources */ = {isa = PBXBuildFile; fileRef = 3F7254E41E92370F007001F2 /* GoogleAnalyticsModule.m */; };
		3F745F5B1E88FF1F001B87F0 /* MainTabBarController.m in Sources */ = {isa = PBXBuildFile; fileRef = 3F745F5A1E88FF1F001B87F0 /* MainTabBarController.m */; };
		3F745F611E891728001B87F0 /* NetworkModule.m in Sources */ = {isa = PBXBuildFile; fileRef = 3F745F601E891728001B87F0 /* NetworkModule.m */; };
		3F9C27CF1E8A48C6008DD04A /* PinViewController.m in Sources */ = {isa = PBXBuildFile; fileRef = 3F9C27CE1E8A48C6008DD04A /* PinViewController.m */; };
		3FAA53B81EB1028F00347B17 /* libRealm.a in Frameworks */ = {isa = PBXBuildFile; fileRef = 3FAA53B71EB1028F00347B17 /* libRealm.a */; };
		3FBAAB491E92220C00510C21 /* GoogleService-Info.plist in Resources */ = {isa = PBXBuildFile; fileRef = 3FBAAB481E92220C00510C21 /* GoogleService-Info.plist */; };
		3FBD0B331EA3D56B00319491 /* FollowViewController.m in Sources */ = {isa = PBXBuildFile; fileRef = 3FBD0B321EA3D56B00319491 /* FollowViewController.m */; };
		3FC77F4E1E9B7DDA009921D5 /* MomoDataSet.m in Sources */ = {isa = PBXBuildFile; fileRef = 3FC77F4D1E9B7DDA009921D5 /* MomoDataSet.m */; };
		3FC77F511E9C066A009921D5 /* FacebookModule.m in Sources */ = {isa = PBXBuildFile; fileRef = 3FC77F501E9C066A009921D5 /* FacebookModule.m */; };
		3FD392E71E93B59800AFBB3A /* UIColor+MMAdditions.m in Sources */ = {isa = PBXBuildFile; fileRef = 3FD392E41E93B59800AFBB3A /* UIColor+MMAdditions.m */; };
		3FD392E81E93B59800AFBB3A /* UIFont+MMAdditions.m in Sources */ = {isa = PBXBuildFile; fileRef = 3FD392E61E93B59800AFBB3A /* UIFont+MMAdditions.m */; };
		3FD392EF1E93C92600AFBB3A /* MyViewController.m in Sources */ = {isa = PBXBuildFile; fileRef = 3FD392EE1E93C92600AFBB3A /* MyViewController.m */; };
		3FD392F11E93C94400AFBB3A /* My.storyboard in Resources */ = {isa = PBXBuildFile; fileRef = 3FD392F01E93C94400AFBB3A /* My.storyboard */; };
		3FD392F91E93D58E00AFBB3A /* MakeViewController.m in Sources */ = {isa = PBXBuildFile; fileRef = 3FD392F71E93D58E00AFBB3A /* MakeViewController.m */; };
		3FD918CC1E893067005B1583 /* MapViewController.m in Sources */ = {isa = PBXBuildFile; fileRef = 3FD918CB1E893067005B1583 /* MapViewController.m */; };
		3FD918CF1E8930BF005B1583 /* Map.storyboard in Resources */ = {isa = PBXBuildFile; fileRef = 3FD918CE1E8930BF005B1583 /* Map.storyboard */; };
		3FD9A5341E88ED3700B965A7 /* main.m in Sources */ = {isa = PBXBuildFile; fileRef = 3FD9A5331E88ED3700B965A7 /* main.m */; };
		3FD9A5371E88ED3700B965A7 /* AppDelegate.m in Sources */ = {isa = PBXBuildFile; fileRef = 3FD9A5361E88ED3700B965A7 /* AppDelegate.m */; };
		3FD9A54B1E88F08500B965A7 /* LoginViewController.m in Sources */ = {isa = PBXBuildFile; fileRef = 3FD9A54A1E88F08500B965A7 /* LoginViewController.m */; };
		3FD9A54D1E88F0A300B965A7 /* Login.storyboard in Resources */ = {isa = PBXBuildFile; fileRef = 3FD9A54C1E88F0A300B965A7 /* Login.storyboard */; };
		3FD9A5521E88F12600B965A7 /* DataCenter.m in Sources */ = {isa = PBXBuildFile; fileRef = 3FD9A5511E88F12600B965A7 /* DataCenter.m */; };
		3FEBB8961E97C70B006E3E77 /* PostMakeViewController.m in Sources */ = {isa = PBXBuildFile; fileRef = 3FEBB8951E97C70B006E3E77 /* PostMakeViewController.m */; };
		A3521B7FD35D14519B40D9F7 /* libPods-Momo.a in Frameworks */ = {isa = PBXBuildFile; fileRef = 77C8C6C1265BFE5EB76C0A81 /* libPods-Momo.a */; };
		EF4702E61E891E1E0007E4AE /* LoginPageViewController.m in Sources */ = {isa = PBXBuildFile; fileRef = EF4702E51E891E1E0007E4AE /* LoginPageViewController.m */; };
		EF4FA2681E8A10470013008C /* SignupPageViewController.m in Sources */ = {isa = PBXBuildFile; fileRef = EF4FA2671E8A10470013008C /* SignupPageViewController.m */; };
		EF4FA2A41E8BA3740013008C /* PinContentsCollectionViewCell.m in Sources */ = {isa = PBXBuildFile; fileRef = EF4FA2A31E8BA3740013008C /* PinContentsCollectionViewCell.m */; };
		EF5A49CE1E9F51BD00A33858 /* PostViewController.m in Sources */ = {isa = PBXBuildFile; fileRef = EF5A49CD1E9F51BD00A33858 /* PostViewController.m */; };
		EF69E57B1EA498A400DE4C65 /* PhotoTextCell.m in Sources */ = {isa = PBXBuildFile; fileRef = EF69E57A1EA498A400DE4C65 /* PhotoTextCell.m */; };
		EF69E57E1EA498B400DE4C65 /* PhotoCell.m in Sources */ = {isa = PBXBuildFile; fileRef = EF69E57D1EA498B400DE4C65 /* PhotoCell.m */; };
		EF69E5811EA498C100DE4C65 /* TextCell.m in Sources */ = {isa = PBXBuildFile; fileRef = EF69E5801EA498C100DE4C65 /* TextCell.m */; };
		EFD11B9C1E8E90EF00896952 /* Assets.xcassets in Resources */ = {isa = PBXBuildFile; fileRef = EFD11B9B1E8E90EF00896952 /* Assets.xcassets */; };
/* End PBXBuildFile section */

/* Begin PBXFileReference section */
		3F0EB28F20F64CFB001B6DA0 /* LaunchScreen.storyboard */ = {isa = PBXFileReference; fileEncoding = 4; lastKnownFileType = file.storyboard; path = LaunchScreen.storyboard; sourceTree = "<group>"; };
		3F2A06351EB0594500046128 /* PinPost.storyboard */ = {isa = PBXFileReference; fileEncoding = 4; lastKnownFileType = file.storyboard; path = PinPost.storyboard; sourceTree = "<group>"; };
		3F2A06391EB06CC500046128 /* PostTableViewHeaderView.xib */ = {isa = PBXFileReference; fileEncoding = 4; lastKnownFileType = file.xib; path = PostTableViewHeaderView.xib; sourceTree = "<group>"; };
		3F2A063B1EB0741B00046128 /* PostTableViewHeaderView.h */ = {isa = PBXFileReference; fileEncoding = 4; lastKnownFileType = sourcecode.c.h; path = PostTableViewHeaderView.h; sourceTree = "<group>"; };
		3F2A063C1EB0741B00046128 /* PostTableViewHeaderView.m */ = {isa = PBXFileReference; fileEncoding = 4; lastKnownFileType = sourcecode.c.objc; path = PostTableViewHeaderView.m; sourceTree = "<group>"; };
		3F3068F31EAB9D0300B451E6 /* UtilityModule.h */ = {isa = PBXFileReference; fileEncoding = 4; lastKnownFileType = sourcecode.c.h; path = UtilityModule.h; sourceTree = "<group>"; };
		3F3068F41EAB9D0300B451E6 /* UtilityModule.m */ = {isa = PBXFileReference; fileEncoding = 4; lastKnownFileType = sourcecode.c.objc; path = UtilityModule.m; sourceTree = "<group>"; };
		3F395E321E94B25C009F082D /* MapMakeViewController.h */ = {isa = PBXFileReference; fileEncoding = 4; lastKnownFileType = sourcecode.c.h; path = MapMakeViewController.h; sourceTree = "<group>"; };
		3F395E331E94B25C009F082D /* MapMakeViewController.m */ = {isa = PBXFileReference; fileEncoding = 4; lastKnownFileType = sourcecode.c.objc; path = MapMakeViewController.m; sourceTree = "<group>"; };
		3F395E351E94B325009F082D /* Make.storyboard */ = {isa = PBXFileReference; fileEncoding = 4; lastKnownFileType = file.storyboard; path = Make.storyboard; sourceTree = "<group>"; };
		3F395E3C1E95EFF5009F082D /* MapProfileTableViewCell.h */ = {isa = PBXFileReference; fileEncoding = 4; lastKnownFileType = sourcecode.c.h; path = MapProfileTableViewCell.h; sourceTree = "<group>"; };
		3F395E3D1E95EFF5009F082D /* MapProfileTableViewCell.m */ = {isa = PBXFileReference; fileEncoding = 4; lastKnownFileType = sourcecode.c.objc; path = MapProfileTableViewCell.m; sourceTree = "<group>"; };
		3F395E3E1E95EFF5009F082D /* MapProfileTableViewCell.xib */ = {isa = PBXFileReference; fileEncoding = 4; lastKnownFileType = file.xib; path = MapProfileTableViewCell.xib; sourceTree = "<group>"; };
		3F395E411E95F00C009F082D /* PinProfileTableViewCell.h */ = {isa = PBXFileReference; fileEncoding = 4; lastKnownFileType = sourcecode.c.h; path = PinProfileTableViewCell.h; sourceTree = "<group>"; };
		3F395E421E95F00C009F082D /* PinProfileTableViewCell.m */ = {isa = PBXFileReference; fileEncoding = 4; lastKnownFileType = sourcecode.c.objc; path = PinProfileTableViewCell.m; sourceTree = "<group>"; };
		3F395E431E95F00C009F082D /* PinProfileTableViewCell.xib */ = {isa = PBXFileReference; fileEncoding = 4; lastKnownFileType = file.xib; path = PinProfileTableViewCell.xib; sourceTree = "<group>"; };
		3F395E541E961F72009F082D /* UserProfileHeaderView.xib */ = {isa = PBXFileReference; fileEncoding = 4; lastKnownFileType = file.xib; path = UserProfileHeaderView.xib; sourceTree = "<group>"; };
		3F395E561E961FC8009F082D /* UserProfileHeaderView.h */ = {isa = PBXFileReference; fileEncoding = 4; lastKnownFileType = sourcecode.c.h; path = UserProfileHeaderView.h; sourceTree = "<group>"; };
		3F395E571E961FC8009F082D /* UserProfileHeaderView.m */ = {isa = PBXFileReference; fileEncoding = 4; lastKnownFileType = sourcecode.c.objc; path = UserProfileHeaderView.m; sourceTree = "<group>"; };
		3F3AF19E1E8ACCD8009FD151 /* PinMarkerView.h */ = {isa = PBXFileReference; fileEncoding = 4; lastKnownFileType = sourcecode.c.h; path = PinMarkerView.h; sourceTree = "<group>"; };
		3F3AF19F1E8ACCD8009FD151 /* PinMarkerView.m */ = {isa = PBXFileReference; fileEncoding = 4; lastKnownFileType = sourcecode.c.objc; path = PinMarkerView.m; sourceTree = "<group>"; };
		3F4F4F881E97376A00CD9C1C /* PinMakeViewController.h */ = {isa = PBXFileReference; fileEncoding = 4; lastKnownFileType = sourcecode.c.h; path = PinMakeViewController.h; sourceTree = "<group>"; };
		3F4F4F891E97376A00CD9C1C /* PinMakeViewController.m */ = {isa = PBXFileReference; fileEncoding = 4; lastKnownFileType = sourcecode.c.objc; path = PinMakeViewController.m; sourceTree = "<group>"; };
		3F5D69CB1E9A752300129C90 /* UserProfileEditViewController.h */ = {isa = PBXFileReference; fileEncoding = 4; lastKnownFileType = sourcecode.c.h; path = UserProfileEditViewController.h; sourceTree = "<group>"; };
		3F5D69CC1E9A752300129C90 /* UserProfileEditViewController.m */ = {isa = PBXFileReference; fileEncoding = 4; lastKnownFileType = sourcecode.c.objc; path = UserProfileEditViewController.m; sourceTree = "<group>"; };
		3F5D69D11E9A76E800129C90 /* UserAccountEditViewController.h */ = {isa = PBXFileReference; fileEncoding = 4; lastKnownFileType = sourcecode.c.h; path = UserAccountEditViewController.h; sourceTree = "<group>"; };
		3F5D69D21E9A76E800129C90 /* UserAccountEditViewController.m */ = {isa = PBXFileReference; fileEncoding = 4; lastKnownFileType = sourcecode.c.objc; path = UserAccountEditViewController.m; sourceTree = "<group>"; };
		3F7254E31E92370F007001F2 /* GoogleAnalyticsModule.h */ = {isa = PBXFileReference; fileEncoding = 4; lastKnownFileType = sourcecode.c.h; path = GoogleAnalyticsModule.h; sourceTree = "<group>"; };
		3F7254E41E92370F007001F2 /* GoogleAnalyticsModule.m */ = {isa = PBXFileReference; fileEncoding = 4; lastKnownFileType = sourcecode.c.objc; path = GoogleAnalyticsModule.m; sourceTree = "<group>"; };
		3F745F591E88FF1F001B87F0 /* MainTabBarController.h */ = {isa = PBXFileReference; fileEncoding = 4; lastKnownFileType = sourcecode.c.h; path = MainTabBarController.h; sourceTree = "<group>"; };
		3F745F5A1E88FF1F001B87F0 /* MainTabBarController.m */ = {isa = PBXFileReference; fileEncoding = 4; lastKnownFileType = sourcecode.c.objc; path = MainTabBarController.m; sourceTree = "<group>"; };
		3F745F5F1E891728001B87F0 /* NetworkModule.h */ = {isa = PBXFileReference; fileEncoding = 4; lastKnownFileType = sourcecode.c.h; path = NetworkModule.h; sourceTree = "<group>"; };
		3F745F601E891728001B87F0 /* NetworkModule.m */ = {isa = PBXFileReference; fileEncoding = 4; lastKnownFileType = sourcecode.c.objc; path = NetworkModule.m; sourceTree = "<group>"; };
		3F9C27CD1E8A48C6008DD04A /* PinViewController.h */ = {isa = PBXFileReference; fileEncoding = 4; lastKnownFileType = sourcecode.c.h; path = PinViewController.h; sourceTree = "<group>"; };
		3F9C27CE1E8A48C6008DD04A /* PinViewController.m */ = {isa = PBXFileReference; fileEncoding = 4; lastKnownFileType = sourcecode.c.objc; path = PinViewController.m; sourceTree = "<group>"; };
		3FAA53B71EB1028F00347B17 /* libRealm.a */ = {isa = PBXFileReference; lastKnownFileType = archive.ar; name = libRealm.a; path = "../../../Library/Developer/Xcode/DerivedData/Momo-gfxgymketnaolqbzymispmwxsuyi/Build/Products/Debug-iphoneos/Realm/libRealm.a"; sourceTree = "<group>"; };
		3FBAAB481E92220C00510C21 /* GoogleService-Info.plist */ = {isa = PBXFileReference; fileEncoding = 4; lastKnownFileType = text.plist.xml; name = "GoogleService-Info.plist"; path = "../GoogleService-Info.plist"; sourceTree = "<group>"; };
		3FBD0B311EA3D56B00319491 /* FollowViewController.h */ = {isa = PBXFileReference; fileEncoding = 4; lastKnownFileType = sourcecode.c.h; path = FollowViewController.h; sourceTree = "<group>"; };
		3FBD0B321EA3D56B00319491 /* FollowViewController.m */ = {isa = PBXFileReference; fileEncoding = 4; lastKnownFileType = sourcecode.c.objc; path = FollowViewController.m; sourceTree = "<group>"; };
		3FC77F4C1E9B7DDA009921D5 /* MomoDataSet.h */ = {isa = PBXFileReference; fileEncoding = 4; lastKnownFileType = sourcecode.c.h; path = MomoDataSet.h; sourceTree = "<group>"; };
		3FC77F4D1E9B7DDA009921D5 /* MomoDataSet.m */ = {isa = PBXFileReference; fileEncoding = 4; lastKnownFileType = sourcecode.c.objc; path = MomoDataSet.m; sourceTree = "<group>"; };
		3FC77F4F1E9C066A009921D5 /* FacebookModule.h */ = {isa = PBXFileReference; fileEncoding = 4; lastKnownFileType = sourcecode.c.h; path = FacebookModule.h; sourceTree = "<group>"; };
		3FC77F501E9C066A009921D5 /* FacebookModule.m */ = {isa = PBXFileReference; fileEncoding = 4; lastKnownFileType = sourcecode.c.objc; path = FacebookModule.m; sourceTree = "<group>"; };
		3FD392E31E93B59800AFBB3A /* UIColor+MMAdditions.h */ = {isa = PBXFileReference; fileEncoding = 4; lastKnownFileType = sourcecode.c.h; path = "UIColor+MMAdditions.h"; sourceTree = "<group>"; };
		3FD392E41E93B59800AFBB3A /* UIColor+MMAdditions.m */ = {isa = PBXFileReference; fileEncoding = 4; lastKnownFileType = sourcecode.c.objc; path = "UIColor+MMAdditions.m"; sourceTree = "<group>"; };
		3FD392E51E93B59800AFBB3A /* UIFont+MMAdditions.h */ = {isa = PBXFileReference; fileEncoding = 4; lastKnownFileType = sourcecode.c.h; path = "UIFont+MMAdditions.h"; sourceTree = "<group>"; };
		3FD392E61E93B59800AFBB3A /* UIFont+MMAdditions.m */ = {isa = PBXFileReference; fileEncoding = 4; lastKnownFileType = sourcecode.c.objc; path = "UIFont+MMAdditions.m"; sourceTree = "<group>"; };
		3FD392ED1E93C92600AFBB3A /* MyViewController.h */ = {isa = PBXFileReference; fileEncoding = 4; lastKnownFileType = sourcecode.c.h; path = MyViewController.h; sourceTree = "<group>"; };
		3FD392EE1E93C92600AFBB3A /* MyViewController.m */ = {isa = PBXFileReference; fileEncoding = 4; lastKnownFileType = sourcecode.c.objc; path = MyViewController.m; sourceTree = "<group>"; };
		3FD392F01E93C94400AFBB3A /* My.storyboard */ = {isa = PBXFileReference; fileEncoding = 4; lastKnownFileType = file.storyboard; path = My.storyboard; sourceTree = "<group>"; };
		3FD392F61E93D58E00AFBB3A /* MakeViewController.h */ = {isa = PBXFileReference; fileEncoding = 4; lastKnownFileType = sourcecode.c.h; path = MakeViewController.h; sourceTree = "<group>"; };
		3FD392F71E93D58E00AFBB3A /* MakeViewController.m */ = {isa = PBXFileReference; fileEncoding = 4; lastKnownFileType = sourcecode.c.objc; path = MakeViewController.m; sourceTree = "<group>"; };
		3FD918CA1E893067005B1583 /* MapViewController.h */ = {isa = PBXFileReference; fileEncoding = 4; lastKnownFileType = sourcecode.c.h; path = MapViewController.h; sourceTree = "<group>"; };
		3FD918CB1E893067005B1583 /* MapViewController.m */ = {isa = PBXFileReference; fileEncoding = 4; lastKnownFileType = sourcecode.c.objc; path = MapViewController.m; sourceTree = "<group>"; };
		3FD918CE1E8930BF005B1583 /* Map.storyboard */ = {isa = PBXFileReference; fileEncoding = 4; lastKnownFileType = file.storyboard; path = Map.storyboard; sourceTree = "<group>"; };
		3FD9A52F1E88ED3700B965A7 /* Momo.app */ = {isa = PBXFileReference; explicitFileType = wrapper.application; includeInIndex = 0; path = Momo.app; sourceTree = BUILT_PRODUCTS_DIR; };
		3FD9A5331E88ED3700B965A7 /* main.m */ = {isa = PBXFileReference; lastKnownFileType = sourcecode.c.objc; path = main.m; sourceTree = "<group>"; };
		3FD9A5351E88ED3700B965A7 /* AppDelegate.h */ = {isa = PBXFileReference; lastKnownFileType = sourcecode.c.h; path = AppDelegate.h; sourceTree = "<group>"; };
		3FD9A5361E88ED3700B965A7 /* AppDelegate.m */ = {isa = PBXFileReference; lastKnownFileType = sourcecode.c.objc; path = AppDelegate.m; sourceTree = "<group>"; };
		3FD9A5431E88ED3700B965A7 /* Info.plist */ = {isa = PBXFileReference; lastKnownFileType = text.plist.xml; path = Info.plist; sourceTree = "<group>"; };
		3FD9A5491E88F08500B965A7 /* LoginViewController.h */ = {isa = PBXFileReference; fileEncoding = 4; lastKnownFileType = sourcecode.c.h; path = LoginViewController.h; sourceTree = "<group>"; };
		3FD9A54A1E88F08500B965A7 /* LoginViewController.m */ = {isa = PBXFileReference; fileEncoding = 4; lastKnownFileType = sourcecode.c.objc; path = LoginViewController.m; sourceTree = "<group>"; };
		3FD9A54C1E88F0A300B965A7 /* Login.storyboard */ = {isa = PBXFileReference; fileEncoding = 4; lastKnownFileType = file.storyboard; path = Login.storyboard; sourceTree = "<group>"; };
		3FD9A5501E88F12600B965A7 /* DataCenter.h */ = {isa = PBXFileReference; fileEncoding = 4; lastKnownFileType = sourcecode.c.h; path = DataCenter.h; sourceTree = "<group>"; };
		3FD9A5511E88F12600B965A7 /* DataCenter.m */ = {isa = PBXFileReference; fileEncoding = 4; lastKnownFileType = sourcecode.c.objc; path = DataCenter.m; sourceTree = "<group>"; };
		3FEBB8941E97C70B006E3E77 /* PostMakeViewController.h */ = {isa = PBXFileReference; fileEncoding = 4; lastKnownFileType = sourcecode.c.h; path = PostMakeViewController.h; sourceTree = "<group>"; };
		3FEBB8951E97C70B006E3E77 /* PostMakeViewController.m */ = {isa = PBXFileReference; fileEncoding = 4; lastKnownFileType = sourcecode.c.objc; path = PostMakeViewController.m; sourceTree = "<group>"; };
		3FF685AF1E892D5300FD927D /* PrefixHeader.pch */ = {isa = PBXFileReference; lastKnownFileType = sourcecode.c.h; path = PrefixHeader.pch; sourceTree = "<group>"; };
		77C8C6C1265BFE5EB76C0A81 /* libPods-Momo.a */ = {isa = PBXFileReference; explicitFileType = archive.ar; includeInIndex = 0; path = "libPods-Momo.a"; sourceTree = BUILT_PRODUCTS_DIR; };
		9DA7EB7A879D2D5894EF998A /* Pods-Momo.release.xcconfig */ = {isa = PBXFileReference; includeInIndex = 1; lastKnownFileType = text.xcconfig; name = "Pods-Momo.release.xcconfig"; path = "Pods/Target Support Files/Pods-Momo/Pods-Momo.release.xcconfig"; sourceTree = "<group>"; };
		E13D47394EE09B673C723CE7 /* Pods-Momo.debug.xcconfig */ = {isa = PBXFileReference; includeInIndex = 1; lastKnownFileType = text.xcconfig; name = "Pods-Momo.debug.xcconfig"; path = "Pods/Target Support Files/Pods-Momo/Pods-Momo.debug.xcconfig"; sourceTree = "<group>"; };
		EF4702E41E891E1E0007E4AE /* LoginPageViewController.h */ = {isa = PBXFileReference; fileEncoding = 4; lastKnownFileType = sourcecode.c.h; path = LoginPageViewController.h; sourceTree = "<group>"; };
		EF4702E51E891E1E0007E4AE /* LoginPageViewController.m */ = {isa = PBXFileReference; fileEncoding = 4; lastKnownFileType = sourcecode.c.objc; path = LoginPageViewController.m; sourceTree = "<group>"; };
		EF4FA2661E8A10470013008C /* SignupPageViewController.h */ = {isa = PBXFileReference; fileEncoding = 4; lastKnownFileType = sourcecode.c.h; path = SignupPageViewController.h; sourceTree = "<group>"; };
		EF4FA2671E8A10470013008C /* SignupPageViewController.m */ = {isa = PBXFileReference; fileEncoding = 4; lastKnownFileType = sourcecode.c.objc; path = SignupPageViewController.m; sourceTree = "<group>"; };
		EF4FA2A21E8BA3740013008C /* PinContentsCollectionViewCell.h */ = {isa = PBXFileReference; fileEncoding = 4; lastKnownFileType = sourcecode.c.h; path = PinContentsCollectionViewCell.h; sourceTree = "<group>"; };
		EF4FA2A31E8BA3740013008C /* PinContentsCollectionViewCell.m */ = {isa = PBXFileReference; fileEncoding = 4; lastKnownFileType = sourcecode.c.objc; path = PinContentsCollectionViewCell.m; sourceTree = "<group>"; };
		EF5A49CC1E9F51BD00A33858 /* PostViewController.h */ = {isa = PBXFileReference; fileEncoding = 4; lastKnownFileType = sourcecode.c.h; path = PostViewController.h; sourceTree = "<group>"; };
		EF5A49CD1E9F51BD00A33858 /* PostViewController.m */ = {isa = PBXFileReference; fileEncoding = 4; lastKnownFileType = sourcecode.c.objc; path = PostViewController.m; sourceTree = "<group>"; };
		EF69E5791EA498A400DE4C65 /* PhotoTextCell.h */ = {isa = PBXFileReference; fileEncoding = 4; lastKnownFileType = sourcecode.c.h; path = PhotoTextCell.h; sourceTree = "<group>"; };
		EF69E57A1EA498A400DE4C65 /* PhotoTextCell.m */ = {isa = PBXFileReference; fileEncoding = 4; lastKnownFileType = sourcecode.c.objc; path = PhotoTextCell.m; sourceTree = "<group>"; };
		EF69E57C1EA498B400DE4C65 /* PhotoCell.h */ = {isa = PBXFileReference; fileEncoding = 4; lastKnownFileType = sourcecode.c.h; path = PhotoCell.h; sourceTree = "<group>"; };
		EF69E57D1EA498B400DE4C65 /* PhotoCell.m */ = {isa = PBXFileReference; fileEncoding = 4; lastKnownFileType = sourcecode.c.objc; path = PhotoCell.m; sourceTree = "<group>"; };
		EF69E57F1EA498C100DE4C65 /* TextCell.h */ = {isa = PBXFileReference; fileEncoding = 4; lastKnownFileType = sourcecode.c.h; path = TextCell.h; sourceTree = "<group>"; };
		EF69E5801EA498C100DE4C65 /* TextCell.m */ = {isa = PBXFileReference; fileEncoding = 4; lastKnownFileType = sourcecode.c.objc; path = TextCell.m; sourceTree = "<group>"; };
		EFD11B9B1E8E90EF00896952 /* Assets.xcassets */ = {isa = PBXFileReference; lastKnownFileType = folder.assetcatalog; path = Assets.xcassets; sourceTree = "<group>"; };
/* End PBXFileReference section */

/* Begin PBXFrameworksBuildPhase section */
		3FD9A52C1E88ED3700B965A7 /* Frameworks */ = {
			isa = PBXFrameworksBuildPhase;
			buildActionMask = 2147483647;
			files = (
				3FAA53B81EB1028F00347B17 /* libRealm.a in Frameworks */,
				A3521B7FD35D14519B40D9F7 /* libPods-Momo.a in Frameworks */,
			);
			runOnlyForDeploymentPostprocessing = 0;
		};
/* End PBXFrameworksBuildPhase section */

/* Begin PBXGroup section */
		15DC98F4A4A76B66B13157A8 /* Frameworks */ = {
			isa = PBXGroup;
			children = (
				3FAA53B71EB1028F00347B17 /* libRealm.a */,
				77C8C6C1265BFE5EB76C0A81 /* libPods-Momo.a */,
			);
			name = Frameworks;
			sourceTree = "<group>";
		};
		3F0EB28E20F64B69001B6DA0 /* DesignGuide */ = {
			isa = PBXGroup;
			children = (
				3FD392E31E93B59800AFBB3A /* UIColor+MMAdditions.h */,
				3FD392E41E93B59800AFBB3A /* UIColor+MMAdditions.m */,
				3FD392E51E93B59800AFBB3A /* UIFont+MMAdditions.h */,
				3FD392E61E93B59800AFBB3A /* UIFont+MMAdditions.m */,
			);
			name = DesignGuide;
			sourceTree = "<group>";
		};
		3F4874B420F6484100A9C239 /* AppDelegate */ = {
			isa = PBXGroup;
			children = (
				3FD9A5351E88ED3700B965A7 /* AppDelegate.h */,
				3FD9A5361E88ED3700B965A7 /* AppDelegate.m */,
			);
			path = AppDelegate;
			sourceTree = "<group>";
		};
		3F4874B520F6485400A9C239 /* Network */ = {
			isa = PBXGroup;
			children = (
				3F745F5F1E891728001B87F0 /* NetworkModule.h */,
				3F745F601E891728001B87F0 /* NetworkModule.m */,
				3FC77F4F1E9C066A009921D5 /* FacebookModule.h */,
				3FC77F501E9C066A009921D5 /* FacebookModule.m */,
				3F7254E31E92370F007001F2 /* GoogleAnalyticsModule.h */,
				3F7254E41E92370F007001F2 /* GoogleAnalyticsModule.m */,
			);
			path = Network;
			sourceTree = "<group>";
		};
		3FD9A5261E88ED3600B965A7 = {
			isa = PBXGroup;
			children = (
				3FD9A5311E88ED3700B965A7 /* Momo */,
				3FD9A5301E88ED3700B965A7 /* Products */,
				5BFB7AE743B07EA5BE3457CD /* Pods */,
				15DC98F4A4A76B66B13157A8 /* Frameworks */,
			);
			sourceTree = "<group>";
		};
		3FD9A5301E88ED3700B965A7 /* Products */ = {
			isa = PBXGroup;
			children = (
				3FD9A52F1E88ED3700B965A7 /* Momo.app */,
			);
			name = Products;
			sourceTree = "<group>";
		};
		3FD9A5311E88ED3700B965A7 /* Momo */ = {
			isa = PBXGroup;
			children = (
				3F4874B420F6484100A9C239 /* AppDelegate */,
				3F4874B520F6485400A9C239 /* Network */,
				3FEA765A20F648AC0021ECB2 /* Model */,
				3FEA765B20F648C00021ECB2 /* View & Controller */,
				3FD9A5321E88ED3700B965A7 /* Supporting Files */,
			);
			path = Momo;
			sourceTree = "<group>";
		};
		3FD9A5321E88ED3700B965A7 /* Supporting Files */ = {
			isa = PBXGroup;
			children = (
				3FF685AF1E892D5300FD927D /* PrefixHeader.pch */,
				3F3068F31EAB9D0300B451E6 /* UtilityModule.h */,
				3F3068F41EAB9D0300B451E6 /* UtilityModule.m */,
				3F0EB28E20F64B69001B6DA0 /* DesignGuide */,
				EFD11B9B1E8E90EF00896952 /* Assets.xcassets */,
				3F0EB28F20F64CFB001B6DA0 /* LaunchScreen.storyboard */,
				3FD9A5431E88ED3700B965A7 /* Info.plist */,
				3FBAAB481E92220C00510C21 /* GoogleService-Info.plist */,
				3FD9A5331E88ED3700B965A7 /* main.m */,
			);
			name = "Supporting Files";
			sourceTree = "<group>";
		};
		3FEA765A20F648AC0021ECB2 /* Model */ = {
			isa = PBXGroup;
			children = (
				3FD9A5501E88F12600B965A7 /* DataCenter.h */,
				3FD9A5511E88F12600B965A7 /* DataCenter.m */,
				3FC77F4C1E9B7DDA009921D5 /* MomoDataSet.h */,
				3FC77F4D1E9B7DDA009921D5 /* MomoDataSet.m */,
			);
			path = Model;
			sourceTree = "<group>";
		};
		3FEA765B20F648C00021ECB2 /* View & Controller */ = {
			isa = PBXGroup;
			children = (
				3FEA765E20F649410021ECB2 /* LoginView */,
				3FEA765D20F649390021ECB2 /* MomoView */,
			);
			path = "View & Controller";
			sourceTree = "<group>";
		};
		3FEA765D20F649390021ECB2 /* MomoView */ = {
			isa = PBXGroup;
			children = (
				3F745F591E88FF1F001B87F0 /* MainTabBarController.h */,
				3F745F5A1E88FF1F001B87F0 /* MainTabBarController.m */,
				3FEA766320F6497B0021ECB2 /* MapView */,
				3FEA765F20F649630021ECB2 /* MakeView */,
				3FEA766120F6496A0021ECB2 /* MyView */,
				3FEA766420F649AC0021ECB2 /* Pin&PostView */,
			);
			path = MomoView;
			sourceTree = "<group>";
		};
		3FEA765E20F649410021ECB2 /* LoginView */ = {
			isa = PBXGroup;
			children = (
				3FD9A54C1E88F0A300B965A7 /* Login.storyboard */,
				3FD9A5491E88F08500B965A7 /* LoginViewController.h */,
				3FD9A54A1E88F08500B965A7 /* LoginViewController.m */,
				EF4702E41E891E1E0007E4AE /* LoginPageViewController.h */,
				EF4702E51E891E1E0007E4AE /* LoginPageViewController.m */,
				EF4FA2661E8A10470013008C /* SignupPageViewController.h */,
				EF4FA2671E8A10470013008C /* SignupPageViewController.m */,
			);
			path = LoginView;
			sourceTree = "<group>";
		};
		3FEA765F20F649630021ECB2 /* MakeView */ = {
			isa = PBXGroup;
			children = (
				3F395E351E94B325009F082D /* Make.storyboard */,
				3FD392F61E93D58E00AFBB3A /* MakeViewController.h */,
				3FD392F71E93D58E00AFBB3A /* MakeViewController.m */,
				3F395E321E94B25C009F082D /* MapMakeViewController.h */,
				3F395E331E94B25C009F082D /* MapMakeViewController.m */,
				3F4F4F881E97376A00CD9C1C /* PinMakeViewController.h */,
				3F4F4F891E97376A00CD9C1C /* PinMakeViewController.m */,
				3FEBB8941E97C70B006E3E77 /* PostMakeViewController.h */,
				3FEBB8951E97C70B006E3E77 /* PostMakeViewController.m */,
			);
			name = MakeView;
			path = ../MakeView;
			sourceTree = "<group>";
		};
		3FEA766120F6496A0021ECB2 /* MyView */ = {
			isa = PBXGroup;
			children = (
				3FD392F01E93C94400AFBB3A /* My.storyboard */,
				3FD392ED1E93C92600AFBB3A /* MyViewController.h */,
				3FD392EE1E93C92600AFBB3A /* MyViewController.m */,
				3FEA766920F64A230021ECB2 /* HeaderView&Cell */,
				3FEA766820F64A200021ECB2 /* Follow */,
				3FEA766720F64A1B0021ECB2 /* Edit */,
			);
			path = MyView;
			sourceTree = "<group>";
		};
		3FEA766320F6497B0021ECB2 /* MapView */ = {
			isa = PBXGroup;
			children = (
				3FD918CE1E8930BF005B1583 /* Map.storyboard */,
				3FD918CA1E893067005B1583 /* MapViewController.h */,
				3FD918CB1E893067005B1583 /* MapViewController.m */,
				3FEA766A20F64A710021ECB2 /* PinMarkerView */,
			);
			path = MapView;
			sourceTree = "<group>";
		};
		3FEA766420F649AC0021ECB2 /* Pin&PostView */ = {
			isa = PBXGroup;
			children = (
				3F2A06351EB0594500046128 /* PinPost.storyboard */,
				3F9C27CD1E8A48C6008DD04A /* PinViewController.h */,
				3F9C27CE1E8A48C6008DD04A /* PinViewController.m */,
				EF5A49CC1E9F51BD00A33858 /* PostViewController.h */,
				EF5A49CD1E9F51BD00A33858 /* PostViewController.m */,
				3FEA766620F649D00021ECB2 /* PinCell */,
				3FEA766520F649BF0021ECB2 /* PostHeaderView&Cell */,
			);
			path = "Pin&PostView";
			sourceTree = "<group>";
		};
		3FEA766520F649BF0021ECB2 /* PostHeaderView&Cell */ = {
			isa = PBXGroup;
			children = (
				3F2A063B1EB0741B00046128 /* PostTableViewHeaderView.h */,
				3F2A063C1EB0741B00046128 /* PostTableViewHeaderView.m */,
				3F2A06391EB06CC500046128 /* PostTableViewHeaderView.xib */,
				EF69E5791EA498A400DE4C65 /* PhotoTextCell.h */,
				EF69E57A1EA498A400DE4C65 /* PhotoTextCell.m */,
				EF69E57C1EA498B400DE4C65 /* PhotoCell.h */,
				EF69E57D1EA498B400DE4C65 /* PhotoCell.m */,
				EF69E57F1EA498C100DE4C65 /* TextCell.h */,
				EF69E5801EA498C100DE4C65 /* TextCell.m */,
			);
			path = "PostHeaderView&Cell";
			sourceTree = "<group>";
		};
		3FEA766620F649D00021ECB2 /* PinCell */ = {
			isa = PBXGroup;
			children = (
				EF4FA2A21E8BA3740013008C /* PinContentsCollectionViewCell.h */,
				EF4FA2A31E8BA3740013008C /* PinContentsCollectionViewCell.m */,
			);
			name = PinCell;
			path = "New Group/PinCell";
			sourceTree = "<group>";
		};
		3FEA766720F64A1B0021ECB2 /* Edit */ = {
			isa = PBXGroup;
			children = (
				3F5D69D11E9A76E800129C90 /* UserAccountEditViewController.h */,
				3F5D69D21E9A76E800129C90 /* UserAccountEditViewController.m */,
				3F5D69CB1E9A752300129C90 /* UserProfileEditViewController.h */,
				3F5D69CC1E9A752300129C90 /* UserProfileEditViewController.m */,
			);
			path = Edit;
			sourceTree = "<group>";
		};
		3FEA766820F64A200021ECB2 /* Follow */ = {
			isa = PBXGroup;
			children = (
				3FBD0B311EA3D56B00319491 /* FollowViewController.h */,
				3FBD0B321EA3D56B00319491 /* FollowViewController.m */,
			);
			name = Follow;
			path = "New Group/Follow";
			sourceTree = "<group>";
		};
		3FEA766920F64A230021ECB2 /* HeaderView&Cell */ = {
			isa = PBXGroup;
			children = (
				3F395E561E961FC8009F082D /* UserProfileHeaderView.h */,
				3F395E571E961FC8009F082D /* UserProfileHeaderView.m */,
				3F395E541E961F72009F082D /* UserProfileHeaderView.xib */,
				3F395E3C1E95EFF5009F082D /* MapProfileTableViewCell.h */,
				3F395E3D1E95EFF5009F082D /* MapProfileTableViewCell.m */,
				3F395E3E1E95EFF5009F082D /* MapProfileTableViewCell.xib */,
				3F395E411E95F00C009F082D /* PinProfileTableViewCell.h */,
				3F395E421E95F00C009F082D /* PinProfileTableViewCell.m */,
				3F395E431E95F00C009F082D /* PinProfileTableViewCell.xib */,
			);
			name = "HeaderView&Cell";
			path = "New Group/New Group/HeaderView&Cell";
			sourceTree = "<group>";
		};
		3FEA766A20F64A710021ECB2 /* PinMarkerView */ = {
			isa = PBXGroup;
			children = (
				3F3AF19E1E8ACCD8009FD151 /* PinMarkerView.h */,
				3F3AF19F1E8ACCD8009FD151 /* PinMarkerView.m */,
			);
			path = PinMarkerView;
			sourceTree = "<group>";
		};
		5BFB7AE743B07EA5BE3457CD /* Pods */ = {
			isa = PBXGroup;
			children = (
				E13D47394EE09B673C723CE7 /* Pods-Momo.debug.xcconfig */,
				9DA7EB7A879D2D5894EF998A /* Pods-Momo.release.xcconfig */,
			);
			name = Pods;
			sourceTree = "<group>";
		};
/* End PBXGroup section */

/* Begin PBXNativeTarget section */
		3FD9A52E1E88ED3700B965A7 /* Momo */ = {
			isa = PBXNativeTarget;
			buildConfigurationList = 3FD9A5461E88ED3700B965A7 /* Build configuration list for PBXNativeTarget "Momo" */;
			buildPhases = (
				27F0D5130FA21F7EEFAC9FF1 /* [CP] Check Pods Manifest.lock */,
				3FD9A52B1E88ED3700B965A7 /* Sources */,
				3FD9A52C1E88ED3700B965A7 /* Frameworks */,
				3FD9A52D1E88ED3700B965A7 /* Resources */,
				45201C0B995B554079D44563 /* [CP] Copy Pods Resources */,
			);
			buildRules = (
			);
			dependencies = (
			);
			name = Momo;
			productName = Momo;
			productReference = 3FD9A52F1E88ED3700B965A7 /* Momo.app */;
			productType = "com.apple.product-type.application";
		};
/* End PBXNativeTarget section */

/* Begin PBXProject section */
		3FD9A5271E88ED3600B965A7 /* Project object */ = {
			isa = PBXProject;
			attributes = {
				LastUpgradeCheck = 0820;
				ORGANIZATIONNAME = JeheonChoi;
				TargetAttributes = {
					3FD9A52E1E88ED3700B965A7 = {
						CreatedOnToolsVersion = 8.2.1;
						DevelopmentTeam = PVNR7U7H8C;
						ProvisioningStyle = Automatic;
					};
				};
			};
			buildConfigurationList = 3FD9A52A1E88ED3600B965A7 /* Build configuration list for PBXProject "Momo" */;
			compatibilityVersion = "Xcode 3.2";
			developmentRegion = English;
			hasScannedForEncodings = 0;
			knownRegions = (
				en,
				Base,
			);
			mainGroup = 3FD9A5261E88ED3600B965A7;
			productRefGroup = 3FD9A5301E88ED3700B965A7 /* Products */;
			projectDirPath = "";
			projectRoot = "";
			targets = (
				3FD9A52E1E88ED3700B965A7 /* Momo */,
			);
		};
/* End PBXProject section */

/* Begin PBXResourcesBuildPhase section */
		3FD9A52D1E88ED3700B965A7 /* Resources */ = {
			isa = PBXResourcesBuildPhase;
			buildActionMask = 2147483647;
			files = (
				3F395E451E95F00C009F082D /* PinProfileTableViewCell.xib in Resources */,
				3FD392F11E93C94400AFBB3A /* My.storyboard in Resources */,
				3FBAAB491E92220C00510C21 /* GoogleService-Info.plist in Resources */,
				3F395E551E961F72009F082D /* UserProfileHeaderView.xib in Resources */,
				3F395E401E95EFF5009F082D /* MapProfileTableViewCell.xib in Resources */,
				EFD11B9C1E8E90EF00896952 /* Assets.xcassets in Resources */,
				3F0EB29020F64CFB001B6DA0 /* LaunchScreen.storyboard in Resources */,
				3FD9A54D1E88F0A300B965A7 /* Login.storyboard in Resources */,
				3F395E361E94B325009F082D /* Make.storyboard in Resources */,
				3F2A063A1EB06CC600046128 /* PostTableViewHeaderView.xib in Resources */,
				3F2A06361EB0594500046128 /* PinPost.storyboard in Resources */,
				3FD918CF1E8930BF005B1583 /* Map.storyboard in Resources */,
			);
			runOnlyForDeploymentPostprocessing = 0;
		};
/* End PBXResourcesBuildPhase section */

/* Begin PBXShellScriptBuildPhase section */
		27F0D5130FA21F7EEFAC9FF1 /* [CP] Check Pods Manifest.lock */ = {
			isa = PBXShellScriptBuildPhase;
			buildActionMask = 2147483647;
			files = (
			);
			inputPaths = (
				"${PODS_PODFILE_DIR_PATH}/Podfile.lock",
				"${PODS_ROOT}/Manifest.lock",
			);
			name = "[CP] Check Pods Manifest.lock";
			outputPaths = (
				"$(DERIVED_FILE_DIR)/Pods-Momo-checkManifestLockResult.txt",
			);
			runOnlyForDeploymentPostprocessing = 0;
			shellPath = /bin/sh;
			shellScript = "diff \"${PODS_PODFILE_DIR_PATH}/Podfile.lock\" \"${PODS_ROOT}/Manifest.lock\" > /dev/null\nif [ $? != 0 ] ; then\n    # print error to STDERR\n    echo \"error: The sandbox is not in sync with the Podfile.lock. Run 'pod install' or update your CocoaPods installation.\" >&2\n    exit 1\nfi\n# This output is used by Xcode 'outputs' to avoid re-running this script phase.\necho \"SUCCESS\" > \"${SCRIPT_OUTPUT_FILE_0}\"\n";
			showEnvVarsInLog = 0;
		};
		45201C0B995B554079D44563 /* [CP] Copy Pods Resources */ = {
			isa = PBXShellScriptBuildPhase;
			buildActionMask = 2147483647;
			files = (
			);
			inputPaths = (
				"${SRCROOT}/Pods/Target Support Files/Pods-Momo/Pods-Momo-resources.sh",
				"${PODS_ROOT}/FBSDKCoreKit/FacebookSDKStrings.bundle",
				"${PODS_ROOT}/GoogleMaps/Maps/Frameworks/GoogleMaps.framework/Versions/A/Resources/GoogleMaps.bundle",
				"${PODS_ROOT}/SVProgressHUD/SVProgressHUD/SVProgressHUD.bundle",
			);
			name = "[CP] Copy Pods Resources";
			outputPaths = (
				"${TARGET_BUILD_DIR}/${UNLOCALIZED_RESOURCES_FOLDER_PATH}/FacebookSDKStrings.bundle",
				"${TARGET_BUILD_DIR}/${UNLOCALIZED_RESOURCES_FOLDER_PATH}/GoogleMaps.bundle",
				"${TARGET_BUILD_DIR}/${UNLOCALIZED_RESOURCES_FOLDER_PATH}/SVProgressHUD.bundle",
			);
			runOnlyForDeploymentPostprocessing = 0;
			shellPath = /bin/sh;
			shellScript = "\"${SRCROOT}/Pods/Target Support Files/Pods-Momo/Pods-Momo-resources.sh\"\n";
			showEnvVarsInLog = 0;
		};
/* End PBXShellScriptBuildPhase section */

/* Begin PBXSourcesBuildPhase section */
		3FD9A52B1E88ED3700B965A7 /* Sources */ = {
			isa = PBXSourcesBuildPhase;
			buildActionMask = 2147483647;
			files = (
				EF69E57E1EA498B400DE4C65 /* PhotoCell.m in Sources */,
				3F2A063D1EB0741B00046128 /* PostTableViewHeaderView.m in Sources */,
				3F3068F51EAB9D0300B451E6 /* UtilityModule.m in Sources */,
				3FD392E81E93B59800AFBB3A /* UIFont+MMAdditions.m in Sources */,
				3F4F4F8A1E97376A00CD9C1C /* PinMakeViewController.m in Sources */,
				3FBD0B331EA3D56B00319491 /* FollowViewController.m in Sources */,
				3FD9A54B1E88F08500B965A7 /* LoginViewController.m in Sources */,
				3FC77F511E9C066A009921D5 /* FacebookModule.m in Sources */,
				3FC77F4E1E9B7DDA009921D5 /* MomoDataSet.m in Sources */,
				EF4FA2681E8A10470013008C /* SignupPageViewController.m in Sources */,
				3F395E581E961FC8009F082D /* UserProfileHeaderView.m in Sources */,
				3F5D69CD1E9A752300129C90 /* UserProfileEditViewController.m in Sources */,
				3FD9A5521E88F12600B965A7 /* DataCenter.m in Sources */,
				3F745F611E891728001B87F0 /* NetworkModule.m in Sources */,
				3F745F5B1E88FF1F001B87F0 /* MainTabBarController.m in Sources */,
				3FD392E71E93B59800AFBB3A /* UIColor+MMAdditions.m in Sources */,
				3F395E341E94B25C009F082D /* MapMakeViewController.m in Sources */,
				EF5A49CE1E9F51BD00A33858 /* PostViewController.m in Sources */,
				EF69E5811EA498C100DE4C65 /* TextCell.m in Sources */,
				3F3AF1A01E8ACCD8009FD151 /* PinMarkerView.m in Sources */,
				3F9C27CF1E8A48C6008DD04A /* PinViewController.m in Sources */,
				3F7254E51E92370F007001F2 /* GoogleAnalyticsModule.m in Sources */,
				3FD392F91E93D58E00AFBB3A /* MakeViewController.m in Sources */,
				3F395E441E95F00C009F082D /* PinProfileTableViewCell.m in Sources */,
				3FD9A5371E88ED3700B965A7 /* AppDelegate.m in Sources */,
				3FEBB8961E97C70B006E3E77 /* PostMakeViewController.m in Sources */,
				3F5D69D31E9A76E800129C90 /* UserAccountEditViewController.m in Sources */,
				EF69E57B1EA498A400DE4C65 /* PhotoTextCell.m in Sources */,
				3FD918CC1E893067005B1583 /* MapViewController.m in Sources */,
				3FD9A5341E88ED3700B965A7 /* main.m in Sources */,
				EF4702E61E891E1E0007E4AE /* LoginPageViewController.m in Sources */,
				EF4FA2A41E8BA3740013008C /* PinContentsCollectionViewCell.m in Sources */,
				3FD392EF1E93C92600AFBB3A /* MyViewController.m in Sources */,
				3F395E3F1E95EFF5009F082D /* MapProfileTableViewCell.m in Sources */,
			);
			runOnlyForDeploymentPostprocessing = 0;
		};
/* End PBXSourcesBuildPhase section */

/* Begin XCBuildConfiguration section */
		3FD9A5441E88ED3700B965A7 /* Debug */ = {
			isa = XCBuildConfiguration;
			buildSettings = {
				ALWAYS_SEARCH_USER_PATHS = NO;
				CLANG_ANALYZER_NONNULL = YES;
				CLANG_CXX_LANGUAGE_STANDARD = "gnu++0x";
				CLANG_CXX_LIBRARY = "libc++";
				CLANG_ENABLE_MODULES = YES;
				CLANG_ENABLE_OBJC_ARC = YES;
				CLANG_WARN_BOOL_CONVERSION = YES;
				CLANG_WARN_CONSTANT_CONVERSION = YES;
				CLANG_WARN_DIRECT_OBJC_ISA_USAGE = YES_ERROR;
				CLANG_WARN_DOCUMENTATION_COMMENTS = YES;
				CLANG_WARN_EMPTY_BODY = YES;
				CLANG_WARN_ENUM_CONVERSION = YES;
				CLANG_WARN_INFINITE_RECURSION = YES;
				CLANG_WARN_INT_CONVERSION = YES;
				CLANG_WARN_OBJC_ROOT_CLASS = YES_ERROR;
				CLANG_WARN_SUSPICIOUS_MOVE = YES;
				CLANG_WARN_UNREACHABLE_CODE = YES;
				CLANG_WARN__DUPLICATE_METHOD_MATCH = YES;
				"CODE_SIGN_IDENTITY[sdk=iphoneos*]" = "iPhone Developer";
				COPY_PHASE_STRIP = NO;
				DEBUG_INFORMATION_FORMAT = dwarf;
				ENABLE_STRICT_OBJC_MSGSEND = YES;
				ENABLE_TESTABILITY = YES;
				GCC_C_LANGUAGE_STANDARD = gnu99;
				GCC_DYNAMIC_NO_PIC = NO;
				GCC_NO_COMMON_BLOCKS = YES;
				GCC_OPTIMIZATION_LEVEL = 0;
				GCC_PREPROCESSOR_DEFINITIONS = (
					"DEBUG=1",
					"$(inherited)",
				);
				GCC_WARN_64_TO_32_BIT_CONVERSION = YES;
				GCC_WARN_ABOUT_RETURN_TYPE = YES_ERROR;
				GCC_WARN_UNDECLARED_SELECTOR = YES;
				GCC_WARN_UNINITIALIZED_AUTOS = YES_AGGRESSIVE;
				GCC_WARN_UNUSED_FUNCTION = YES;
				GCC_WARN_UNUSED_VARIABLE = YES;
				IPHONEOS_DEPLOYMENT_TARGET = 10.2;
				MTL_ENABLE_DEBUG_INFO = YES;
				ONLY_ACTIVE_ARCH = YES;
				SDKROOT = iphoneos;
			};
			name = Debug;
		};
		3FD9A5451E88ED3700B965A7 /* Release */ = {
			isa = XCBuildConfiguration;
			buildSettings = {
				ALWAYS_SEARCH_USER_PATHS = NO;
				CLANG_ANALYZER_NONNULL = YES;
				CLANG_CXX_LANGUAGE_STANDARD = "gnu++0x";
				CLANG_CXX_LIBRARY = "libc++";
				CLANG_ENABLE_MODULES = YES;
				CLANG_ENABLE_OBJC_ARC = YES;
				CLANG_WARN_BOOL_CONVERSION = YES;
				CLANG_WARN_CONSTANT_CONVERSION = YES;
				CLANG_WARN_DIRECT_OBJC_ISA_USAGE = YES_ERROR;
				CLANG_WARN_DOCUMENTATION_COMMENTS = YES;
				CLANG_WARN_EMPTY_BODY = YES;
				CLANG_WARN_ENUM_CONVERSION = YES;
				CLANG_WARN_INFINITE_RECURSION = YES;
				CLANG_WARN_INT_CONVERSION = YES;
				CLANG_WARN_OBJC_ROOT_CLASS = YES_ERROR;
				CLANG_WARN_SUSPICIOUS_MOVE = YES;
				CLANG_WARN_UNREACHABLE_CODE = YES;
				CLANG_WARN__DUPLICATE_METHOD_MATCH = YES;
				"CODE_SIGN_IDENTITY[sdk=iphoneos*]" = "iPhone Developer";
				COPY_PHASE_STRIP = NO;
				DEBUG_INFORMATION_FORMAT = "dwarf-with-dsym";
				ENABLE_NS_ASSERTIONS = NO;
				ENABLE_STRICT_OBJC_MSGSEND = YES;
				GCC_C_LANGUAGE_STANDARD = gnu99;
				GCC_NO_COMMON_BLOCKS = YES;
				GCC_WARN_64_TO_32_BIT_CONVERSION = YES;
				GCC_WARN_ABOUT_RETURN_TYPE = YES_ERROR;
				GCC_WARN_UNDECLARED_SELECTOR = YES;
				GCC_WARN_UNINITIALIZED_AUTOS = YES_AGGRESSIVE;
				GCC_WARN_UNUSED_FUNCTION = YES;
				GCC_WARN_UNUSED_VARIABLE = YES;
				IPHONEOS_DEPLOYMENT_TARGET = 10.2;
				MTL_ENABLE_DEBUG_INFO = NO;
				SDKROOT = iphoneos;
				VALIDATE_PRODUCT = YES;
			};
			name = Release;
		};
		3FD9A5471E88ED3700B965A7 /* Debug */ = {
			isa = XCBuildConfiguration;
			baseConfigurationReference = E13D47394EE09B673C723CE7 /* Pods-Momo.debug.xcconfig */;
			buildSettings = {
				ASSETCATALOG_COMPILER_APPICON_NAME = AppIcon;
				DEVELOPMENT_TEAM = PVNR7U7H8C;
				GCC_PREFIX_HEADER = Momo/PrefixHeader.pch;
				INFOPLIST_FILE = Momo/Info.plist;
				LD_RUNPATH_SEARCH_PATHS = "$(inherited) @executable_path/Frameworks";
				PRODUCT_BUNDLE_IDENTIFIER = com.Jereator.Momo;
				PRODUCT_NAME = "$(TARGET_NAME)";
			};
			name = Debug;
		};
		3FD9A5481E88ED3700B965A7 /* Release */ = {
			isa = XCBuildConfiguration;
			baseConfigurationReference = 9DA7EB7A879D2D5894EF998A /* Pods-Momo.release.xcconfig */;
			buildSettings = {
				ASSETCATALOG_COMPILER_APPICON_NAME = AppIcon;
				DEVELOPMENT_TEAM = PVNR7U7H8C;
				GCC_PREFIX_HEADER = Momo/PrefixHeader.pch;
				INFOPLIST_FILE = Momo/Info.plist;
				LD_RUNPATH_SEARCH_PATHS = "$(inherited) @executable_path/Frameworks";
				PRODUCT_BUNDLE_IDENTIFIER = com.Jereator.Momo;
				PRODUCT_NAME = "$(TARGET_NAME)";
			};
			name = Release;
		};
/* End XCBuildConfiguration section */

/* Begin XCConfigurationList section */
		3FD9A52A1E88ED3600B965A7 /* Build configuration list for PBXProject "Momo" */ = {
			isa = XCConfigurationList;
			buildConfigurations = (
				3FD9A5441E88ED3700B965A7 /* Debug */,
				3FD9A5451E88ED3700B965A7 /* Release */,
			);
			defaultConfigurationIsVisible = 0;
			defaultConfigurationName = Release;
		};
		3FD9A5461E88ED3700B965A7 /* Build configuration list for PBXNativeTarget "Momo" */ = {
			isa = XCConfigurationList;
			buildConfigurations = (
				3FD9A5471E88ED3700B965A7 /* Debug */,
				3FD9A5481E88ED3700B965A7 /* Release */,
			);
			defaultConfigurationIsVisible = 0;
			defaultConfigurationName = Release;
		};
/* End XCConfigurationList section */
	};
	rootObject = 3FD9A5271E88ED3600B965A7 /* Project object */;
}
